<?xml version="1.0" encoding="utf-8"?>
<Project ToolsVersion="4.0" xmlns="http://schemas.microsoft.com/developer/msbuild/2003">
  <ItemGroup>
    <ClCompile Include="main.cpp" />
    <ClCompile Include="src\rplidar_driver.cpp">
      <Filter>src</Filter>
    </ClCompile>
    <ClCompile Include="src\hal\thread.cpp">
      <Filter>src\hal</Filter>
    </ClCompile>
    <ClCompile Include="src\arch\linux\net_serial.cpp">
      <Filter>src\arch\linux</Filter>
    </ClCompile>
    <ClCompile Include="src\arch\linux\net_socket.cpp">
      <Filter>src\arch\linux</Filter>
    </ClCompile>
    <ClCompile Include="src\arch\linux\timer.cpp">
      <Filter>src\arch\linux</Filter>
    </ClCompile>
    <ClCompile Include="src\datetime.cpp">
      <Filter>src</Filter>
    </ClCompile>
    <ClCompile Include="src\timespan.cpp">
      <Filter>src</Filter>
    </ClCompile>
    <ClCompile Include="Source.cpp" />
  </ItemGroup>
  <ItemGroup>
    <Filter Include="include">
      <UniqueIdentifier>{c5aa65bc-3d74-4d78-a65f-8177c4156182}</UniqueIdentifier>
    </Filter>
    <Filter Include="src">
      <UniqueIdentifier>{9293a3ec-4d75-4f28-bc08-d8de7ddc6b58}</UniqueIdentifier>
    </Filter>
    <Filter Include="src\hal">
      <UniqueIdentifier>{ac9e3711-d5a0-4bc5-95d3-3baab64d4a19}</UniqueIdentifier>
    </Filter>
    <Filter Include="src\arch">
      <UniqueIdentifier>{8491e5bf-6b05-47d7-9619-3092323d655f}</UniqueIdentifier>
    </Filter>
    <Filter Include="src\arch\linux">
      <UniqueIdentifier>{789121a9-50b6-4106-8b31-5bf914dab20e}</UniqueIdentifier>
    </Filter>
  </ItemGroup>
  <ItemGroup>
    <ClInclude Include="include\rplidar.h">
      <Filter>include</Filter>
    </ClInclude>
    <ClInclude Include="include\rplidar_cmd.h">
      <Filter>include</Filter>
    </ClInclude>
    <ClInclude Include="include\rplidar_driver.h">
      <Filter>include</Filter>
    </ClInclude>
    <ClInclude Include="include\rplidar_protocol.h">
      <Filter>include</Filter>
    </ClInclude>
    <ClInclude Include="include\rptypes.h">
      <Filter>include</Filter>
    </ClInclude>
    <ClInclude Include="src\rplidar_driver_impl.h">
      <Filter>src</Filter>
    </ClInclude>
    <ClInclude Include="src\rplidar_driver_serial.h">
      <Filter>src</Filter>
    </ClInclude>
    <ClInclude Include="src\rplidar_driver_TCP.h">
      <Filter>src</Filter>
    </ClInclude>
    <ClInclude Include="src\hal\types.h">
      <Filter>src\hal</Filter>
    </ClInclude>
    <ClInclude Include="src\hal\abs_rxtx.h">
      <Filter>src\hal</Filter>
    </ClInclude>
    <ClInclude Include="src\hal\assert.h">
      <Filter>src\hal</Filter>
    </ClInclude>
    <ClInclude Include="src\hal\event.h">
      <Filter>src\hal</Filter>
    </ClInclude>
    <ClInclude Include="src\hal\locker.h">
      <Filter>src\hal</Filter>
    </ClInclude>
    <ClInclude Include="src\hal\socket.h">
      <Filter>src\hal</Filter>
    </ClInclude>
    <ClInclude Include="src\hal\thread.h">
      <Filter>src\hal</Filter>
    </ClInclude>
    <ClInclude Include="src\sdkcommon.h">
      <Filter>src</Filter>
    </ClInclude>
    <ClInclude Include="src\arch\linux\arch_linux.h">
      <Filter>src\arch\linux</Filter>
    </ClInclude>
    <ClInclude Include="src\arch\linux\net_serial.h">
      <Filter>src\arch\linux</Filter>
    </ClInclude>
    <ClInclude Include="src\arch\linux\thread.hpp">
      <Filter>src\arch\linux</Filter>
    </ClInclude>
    <ClInclude Include="src\arch\linux\timer.h">
      <Filter>src\arch\linux</Filter>
    </ClInclude>
    <ClInclude Include="src\hal\byteops.h">
      <Filter>src\hal</Filter>
    </ClInclude>
    <ClInclude Include="src\hal\util.h">
      <Filter>src\hal</Filter>
    </ClInclude>
    <ClInclude Include="src\datetime.h">
      <Filter>src</Filter>
    </ClInclude>
    <ClInclude Include="src\timespan.h">
      <Filter>src</Filter>
    </ClInclude>
    <ClInclude Include="include\wiringPi.h">
      <Filter>include</Filter>
    </ClInclude>
  </ItemGroup>
</Project>